
Microsoft Visual Studio Solution File, Format Version 12.00
# Visual Studio Version 17
VisualStudioVersion = 17.5.002.0
MinimumVisualStudioVersion = 10.0.40219.1
Project("{9A19103F-16F7-4668-BE54-9A1E7A4F7556}") = "PizzaCatalog", "PizzaCatalog\PizzaCatalog.csproj", "{82B225A6-7AA8-475B-9A75-708FD6ABDA46}"
EndProject
Project("{FAE04EC0-301F-11D3-BF4B-00C04F79EFBC}") = "PizzaOrdering", "PizzaOrdering\PizzaOrdering.csproj", "{4EDBEBF3-BAA3-47C8-9F8C-4D689780B11B}"
EndProject
Global
	GlobalSection(SolutionConfigurationPlatforms) = preSolution
		Debug|Any CPU = Debug|Any CPU
		Release|Any CPU = Release|Any CPU
	EndGlobalSection
	GlobalSection(ProjectConfigurationPlatforms) = postSolution
		{82B225A6-7AA8-475B-9A75-708FD6ABDA46}.Debug|Any CPU.ActiveCfg = Debug|Any CPU
		{82B225A6-7AA8-475B-9A75-708FD6ABDA46}.Debug|Any CPU.Build.0 = Debug|Any CPU
		{82B225A6-7AA8-475B-9A75-708FD6ABDA46}.Release|Any CPU.ActiveCfg = Release|Any CPU
		{82B225A6-7AA8-475B-9A75-708FD6ABDA46}.Release|Any CPU.Build.0 = Release|Any CPU
		{4EDBEBF3-BAA3-47C8-9F8C-4D689780B11B}.Debug|Any CPU.ActiveCfg = Debug|Any CPU
		{4EDBEBF3-BAA3-47C8-9F8C-4D689780B11B}.Debug|Any CPU.Build.0 = Debug|Any CPU
		{4EDBEBF3-BAA3-47C8-9F8C-4D689780B11B}.Release|Any CPU.ActiveCfg = Release|Any CPU
		{4EDBEBF3-BAA3-47C8-9F8C-4D689780B11B}.Release|Any CPU.Build.0 = Release|Any CPU
	EndGlobalSection
	GlobalSection(SolutionProperties) = preSolution
		HideSolutionNode = FALSE
	EndGlobalSection
	GlobalSection(ExtensibilityGlobals) = postSolution
		SolutionGuid = {F1481AE9-8314-4375-B622-87C15F69E174}
	EndGlobalSection
EndGlobal
